
Microsoft Visual Studio Solution File, Format Version 12.00
# Visual Studio Version 16
VisualStudioVersion = 16.0.29123.88
MinimumVisualStudioVersion = 10.0.40219.1
Project("{FAE04EC0-301F-11D3-BF4B-00C04F79EFBC}") = "LeetCodeSolutions", "LeetCode\LeetCodeSolutions.csproj", "{82BF4C9E-FACE-4522-A342-8D5198136442}"
EndProject
Project("{FAE04EC0-301F-11D3-BF4B-00C04F79EFBC}") = "LeetCodeTests", "LeetCodeTests\LeetCodeTests.csproj", "{B481B186-CB15-4068-B803-ECBB79DA942D}"
EndProject
Global
	GlobalSection(SolutionConfigurationPlatforms) = preSolution
		Debug|Any CPU = Debug|Any CPU
		Release|Any CPU = Release|Any CPU
	EndGlobalSection
	GlobalSection(ProjectConfigurationPlatforms) = postSolution
		{82BF4C9E-FACE-4522-A342-8D5198136442}.Debug|Any CPU.ActiveCfg = Debug|Any CPU
		{82BF4C9E-FACE-4522-A342-8D5198136442}.Debug|Any CPU.Build.0 = Debug|Any CPU
		{82BF4C9E-FACE-4522-A342-8D5198136442}.Release|Any CPU.ActiveCfg = Release|Any CPU
		{82BF4C9E-FACE-4522-A342-8D5198136442}.Release|Any CPU.Build.0 = Release|Any CPU
		{B481B186-CB15-4068-B803-ECBB79DA942D}.Debug|Any CPU.ActiveCfg = Debug|Any CPU
		{B481B186-CB15-4068-B803-ECBB79DA942D}.Debug|Any CPU.Build.0 = Debug|Any CPU
		{B481B186-CB15-4068-B803-ECBB79DA942D}.Release|Any CPU.ActiveCfg = Release|Any CPU
		{B481B186-CB15-4068-B803-ECBB79DA942D}.Release|Any CPU.Build.0 = Release|Any CPU
	EndGlobalSection
	GlobalSection(SolutionProperties) = preSolution
		HideSolutionNode = FALSE
	EndGlobalSection
	GlobalSection(ExtensibilityGlobals) = postSolution
		SolutionGuid = {91D79A72-AC08-4283-9C81-AB4BA8A8941C}
	EndGlobalSection
EndGlobal
